
Microsoft Visual Studio Solution File, Format Version 12.00
# Visual Studio Version 16
VisualStudioVersion = 16.0.31424.327
MinimumVisualStudioVersion = 10.0.40219.1
Project("{FAE04EC0-301F-11D3-BF4B-00C04F79EFBC}") = "BlazorAppSandBox", "BlazorAppSandBox.csproj", "{64DFBD0E-38CE-4E45-9F59-1F5774BF63EB}"
EndProject
Global
	GlobalSection(SolutionConfigurationPlatforms) = preSolution
		Debug|Any CPU = Debug|Any CPU
		Release|Any CPU = Release|Any CPU
	EndGlobalSection
	GlobalSection(ProjectConfigurationPlatforms) = postSolution
		{64DFBD0E-38CE-4E45-9F59-1F5774BF63EB}.Debug|Any CPU.ActiveCfg = Debug|Any CPU
		{64DFBD0E-38CE-4E45-9F59-1F5774BF63EB}.Debug|Any CPU.Build.0 = Debug|Any CPU
		{64DFBD0E-38CE-4E45-9F59-1F5774BF63EB}.Release|Any CPU.ActiveCfg = Release|Any CPU
		{64DFBD0E-38CE-4E45-9F59-1F5774BF63EB}.Release|Any CPU.Build.0 = Release|Any CPU
	EndGlobalSection
	GlobalSection(SolutionProperties) = preSolution
		HideSolutionNode = FALSE
	EndGlobalSection
	GlobalSection(ExtensibilityGlobals) = postSolution
		SolutionGuid = {265CA431-29E0-4136-AEE5-EFDEE94801A0}
	EndGlobalSection
EndGlobal
